
Microsoft Visual Studio Solution File, Format Version 12.00
# Visual Studio 15
Project("{FAE04EC0-301F-11D3-BF4B-00C04F79EFBC}") = "VuforiaScripts", "VuforiaScripts.csproj", "{6D7D7E94-5A67-CC6F-2C27-45CF9217AD20}"
EndProject
Project("{FAE04EC0-301F-11D3-BF4B-00C04F79EFBC}") = "Assembly-CSharp", "Assembly-CSharp.csproj", "{86A139F4-F04B-D26A-C651-0FA599C99F4C}"
EndProject
Project("{FAE04EC0-301F-11D3-BF4B-00C04F79EFBC}") = "VuforiaEditorScripts", "VuforiaEditorScripts.csproj", "{01DDB651-62A6-6AC2-3904-38786EFD15E4}"
EndProject
Global
	GlobalSection(SolutionConfigurationPlatforms) = preSolution
		Debug|Any CPU = Debug|Any CPU
		Release|Any CPU = Release|Any CPU
	EndGlobalSection
	GlobalSection(ProjectConfigurationPlatforms) = postSolution
		{6D7D7E94-5A67-CC6F-2C27-45CF9217AD20}.Debug|Any CPU.ActiveCfg = Debug|Any CPU
		{6D7D7E94-5A67-CC6F-2C27-45CF9217AD20}.Debug|Any CPU.Build.0 = Debug|Any CPU
		{6D7D7E94-5A67-CC6F-2C27-45CF9217AD20}.Release|Any CPU.ActiveCfg = Release|Any CPU
		{6D7D7E94-5A67-CC6F-2C27-45CF9217AD20}.Release|Any CPU.Build.0 = Release|Any CPU
		{86A139F4-F04B-D26A-C651-0FA599C99F4C}.Debug|Any CPU.ActiveCfg = Debug|Any CPU
		{86A139F4-F04B-D26A-C651-0FA599C99F4C}.Debug|Any CPU.Build.0 = Debug|Any CPU
		{86A139F4-F04B-D26A-C651-0FA599C99F4C}.Release|Any CPU.ActiveCfg = Release|Any CPU
		{86A139F4-F04B-D26A-C651-0FA599C99F4C}.Release|Any CPU.Build.0 = Release|Any CPU
		{01DDB651-62A6-6AC2-3904-38786EFD15E4}.Debug|Any CPU.ActiveCfg = Debug|Any CPU
		{01DDB651-62A6-6AC2-3904-38786EFD15E4}.Debug|Any CPU.Build.0 = Debug|Any CPU
		{01DDB651-62A6-6AC2-3904-38786EFD15E4}.Release|Any CPU.ActiveCfg = Release|Any CPU
		{01DDB651-62A6-6AC2-3904-38786EFD15E4}.Release|Any CPU.Build.0 = Release|Any CPU
	EndGlobalSection
	GlobalSection(SolutionProperties) = preSolution
		HideSolutionNode = FALSE
	EndGlobalSection
	GlobalSection(MonoDevelopProperties) = preSolution
		StartupItem = Assembly-CSharp.csproj
	EndGlobalSection
EndGlobal
